
Microsoft Visual Studio Solution File, Format Version 12.00
# Visual Studio 15
VisualStudioVersion = 15.0.28307.136
MinimumVisualStudioVersion = 10.0.40219.1
Project("{FAE04EC0-301F-11D3-BF4B-00C04F79EFBC}") = "Sales.Android", "Sales\Sales.Android\Sales.Android.csproj", "{46AEA9FA-59F8-4D05-A708-6971B0DEF3C3}"
EndProject
Project("{FAE04EC0-301F-11D3-BF4B-00C04F79EFBC}") = "Sales.iOS", "Sales\Sales.iOS\Sales.iOS.csproj", "{A4E9ADFA-34B7-4720-827A-355C0EDBBF7E}"
EndProject
Project("{FAE04EC0-301F-11D3-BF4B-00C04F79EFBC}") = "Sales.UWP", "Sales\Sales.UWP\Sales.UWP.csproj", "{50B244D5-A669-4DD6-A52A-5BF090BA7333}"
EndProject
Project("{FAE04EC0-301F-11D3-BF4B-00C04F79EFBC}") = "Sales", "Sales\Sales\Sales.csproj", "{D46869A5-E517-48F0-A59D-DA88B37CBFD9}"
EndProject
Project("{FAE04EC0-301F-11D3-BF4B-00C04F79EFBC}") = "Sales.Backend", "Sales.Backend\Sales.Backend.csproj", "{F2120268-792D-4A17-8D31-EE14B700386B}"
EndProject
Project("{FAE04EC0-301F-11D3-BF4B-00C04F79EFBC}") = "Sales.Api", "Sales.Api\Sales.Api.csproj", "{60F3F7A4-A231-4264-918F-0C7B8D02471E}"
EndProject
Project("{FAE04EC0-301F-11D3-BF4B-00C04F79EFBC}") = "Sales.Domain", "Sales.Domain\Sales.Domain.csproj", "{E31B67C8-4BDE-4A40-8B71-87C2F814BDC5}"
EndProject
Project("{FAE04EC0-301F-11D3-BF4B-00C04F79EFBC}") = "Sales.Common", "Sales.Common\Sales.Common.csproj", "{FCF9076A-9853-424D-A5C3-20E4F1423573}"
EndProject
Global
	GlobalSection(SolutionConfigurationPlatforms) = preSolution
		Ad-Hoc|Any CPU = Ad-Hoc|Any CPU
		Ad-Hoc|ARM = Ad-Hoc|ARM
		Ad-Hoc|iPhone = Ad-Hoc|iPhone
		Ad-Hoc|iPhoneSimulator = Ad-Hoc|iPhoneSimulator
		Ad-Hoc|x64 = Ad-Hoc|x64
		Ad-Hoc|x86 = Ad-Hoc|x86
		AppStore|Any CPU = AppStore|Any CPU
		AppStore|ARM = AppStore|ARM
		AppStore|iPhone = AppStore|iPhone
		AppStore|iPhoneSimulator = AppStore|iPhoneSimulator
		AppStore|x64 = AppStore|x64
		AppStore|x86 = AppStore|x86
		Debug|Any CPU = Debug|Any CPU
		Debug|ARM = Debug|ARM
		Debug|iPhone = Debug|iPhone
		Debug|iPhoneSimulator = Debug|iPhoneSimulator
		Debug|x64 = Debug|x64
		Debug|x86 = Debug|x86
		Release|Any CPU = Release|Any CPU
		Release|ARM = Release|ARM
		Release|iPhone = Release|iPhone
		Release|iPhoneSimulator = Release|iPhoneSimulator
		Release|x64 = Release|x64
		Release|x86 = Release|x86
	EndGlobalSection
	GlobalSection(ProjectConfigurationPlatforms) = postSolution
		{46AEA9FA-59F8-4D05-A708-6971B0DEF3C3}.Ad-Hoc|Any CPU.ActiveCfg = Release|Any CPU
		{46AEA9FA-59F8-4D05-A708-6971B0DEF3C3}.Ad-Hoc|Any CPU.Build.0 = Release|Any CPU
		{46AEA9FA-59F8-4D05-A708-6971B0DEF3C3}.Ad-Hoc|Any CPU.Deploy.0 = Release|Any CPU
		{46AEA9FA-59F8-4D05-A708-6971B0DEF3C3}.Ad-Hoc|ARM.ActiveCfg = Release|Any CPU
		{46AEA9FA-59F8-4D05-A708-6971B0DEF3C3}.Ad-Hoc|ARM.Build.0 = Release|Any CPU
		{46AEA9FA-59F8-4D05-A708-6971B0DEF3C3}.Ad-Hoc|ARM.Deploy.0 = Release|Any CPU
		{46AEA9FA-59F8-4D05-A708-6971B0DEF3C3}.Ad-Hoc|iPhone.ActiveCfg = Release|Any CPU
		{46AEA9FA-59F8-4D05-A708-6971B0DEF3C3}.Ad-Hoc|iPhone.Build.0 = Release|Any CPU
		{46AEA9FA-59F8-4D05-A708-6971B0DEF3C3}.Ad-Hoc|iPhone.Deploy.0 = Release|Any CPU
		{46AEA9FA-59F8-4D05-A708-6971B0DEF3C3}.Ad-Hoc|iPhoneSimulator.ActiveCfg = Release|Any CPU
		{46AEA9FA-59F8-4D05-A708-6971B0DEF3C3}.Ad-Hoc|iPhoneSimulator.Build.0 = Release|Any CPU
		{46AEA9FA-59F8-4D05-A708-6971B0DEF3C3}.Ad-Hoc|iPhoneSimulator.Deploy.0 = Release|Any CPU
		{46AEA9FA-59F8-4D05-A708-6971B0DEF3C3}.Ad-Hoc|x64.ActiveCfg = Release|Any CPU
		{46AEA9FA-59F8-4D05-A708-6971B0DEF3C3}.Ad-Hoc|x64.Build.0 = Release|Any CPU
		{46AEA9FA-59F8-4D05-A708-6971B0DEF3C3}.Ad-Hoc|x64.Deploy.0 = Release|Any CPU
		{46AEA9FA-59F8-4D05-A708-6971B0DEF3C3}.Ad-Hoc|x86.ActiveCfg = Release|Any CPU
		{46AEA9FA-59F8-4D05-A708-6971B0DEF3C3}.Ad-Hoc|x86.Build.0 = Release|Any CPU
		{46AEA9FA-59F8-4D05-A708-6971B0DEF3C3}.Ad-Hoc|x86.Deploy.0 = Release|Any CPU
		{46AEA9FA-59F8-4D05-A708-6971B0DEF3C3}.AppStore|Any CPU.ActiveCfg = Release|Any CPU
		{46AEA9FA-59F8-4D05-A708-6971B0DEF3C3}.AppStore|Any CPU.Build.0 = Release|Any CPU
		{46AEA9FA-59F8-4D05-A708-6971B0DEF3C3}.AppStore|Any CPU.Deploy.0 = Release|Any CPU
		{46AEA9FA-59F8-4D05-A708-6971B0DEF3C3}.AppStore|ARM.ActiveCfg = Release|Any CPU
		{46AEA9FA-59F8-4D05-A708-6971B0DEF3C3}.AppStore|ARM.Build.0 = Release|Any CPU
		{46AEA9FA-59F8-4D05-A708-6971B0DEF3C3}.AppStore|ARM.Deploy.0 = Release|Any CPU
		{46AEA9FA-59F8-4D05-A708-6971B0DEF3C3}.AppStore|iPhone.ActiveCfg = Release|Any CPU
		{46AEA9FA-59F8-4D05-A708-6971B0DEF3C3}.AppStore|iPhone.Build.0 = Release|Any CPU
		{46AEA9FA-59F8-4D05-A708-6971B0DEF3C3}.AppStore|iPhone.Deploy.0 = Release|Any CPU
		{46AEA9FA-59F8-4D05-A708-6971B0DEF3C3}.AppStore|iPhoneSimulator.ActiveCfg = Release|Any CPU
		{46AEA9FA-59F8-4D05-A708-6971B0DEF3C3}.AppStore|iPhoneSimulator.Build.0 = Release|Any CPU
		{46AEA9FA-59F8-4D05-A708-6971B0DEF3C3}.AppStore|iPhoneSimulator.Deploy.0 = Release|Any CPU
		{46AEA9FA-59F8-4D05-A708-6971B0DEF3C3}.AppStore|x64.ActiveCfg = Release|Any CPU
		{46AEA9FA-59F8-4D05-A708-6971B0DEF3C3}.AppStore|x64.Build.0 = Release|Any CPU
		{46AEA9FA-59F8-4D05-A708-6971B0DEF3C3}.AppStore|x64.Deploy.0 = Release|Any CPU
		{46AEA9FA-59F8-4D05-A708-6971B0DEF3C3}.AppStore|x86.ActiveCfg = Release|Any CPU
		{46AEA9FA-59F8-4D05-A708-6971B0DEF3C3}.AppStore|x86.Build.0 = Release|Any CPU
		{46AEA9FA-59F8-4D05-A708-6971B0DEF3C3}.AppStore|x86.Deploy.0 = Release|Any CPU
		{46AEA9FA-59F8-4D05-A708-6971B0DEF3C3}.Debug|Any CPU.ActiveCfg = Debug|Any CPU
		{46AEA9FA-59F8-4D05-A708-6971B0DEF3C3}.Debug|Any CPU.Build.0 = Debug|Any CPU
		{46AEA9FA-59F8-4D05-A708-6971B0DEF3C3}.Debug|Any CPU.Deploy.0 = Debug|Any CPU
		{46AEA9FA-59F8-4D05-A708-6971B0DEF3C3}.Debug|ARM.ActiveCfg = Debug|Any CPU
		{46AEA9FA-59F8-4D05-A708-6971B0DEF3C3}.Debug|ARM.Build.0 = Debug|Any CPU
		{46AEA9FA-59F8-4D05-A708-6971B0DEF3C3}.Debug|ARM.Deploy.0 = Debug|Any CPU
		{46AEA9FA-59F8-4D05-A708-6971B0DEF3C3}.Debug|iPhone.ActiveCfg = Debug|Any CPU
		{46AEA9FA-59F8-4D05-A708-6971B0DEF3C3}.Debug|iPhone.Build.0 = Debug|Any CPU
		{46AEA9FA-59F8-4D05-A708-6971B0DEF3C3}.Debug|iPhone.Deploy.0 = Debug|Any CPU
		{46AEA9FA-59F8-4D05-A708-6971B0DEF3C3}.Debug|iPhoneSimulator.ActiveCfg = Debug|Any CPU
		{46AEA9FA-59F8-4D05-A708-6971B0DEF3C3}.Debug|iPhoneSimulator.Build.0 = Debug|Any CPU
		{46AEA9FA-59F8-4D05-A708-6971B0DEF3C3}.Debug|iPhoneSimulator.Deploy.0 = Debug|Any CPU
		{46AEA9FA-59F8-4D05-A708-6971B0DEF3C3}.Debug|x64.ActiveCfg = Debug|Any CPU
		{46AEA9FA-59F8-4D05-A708-6971B0DEF3C3}.Debug|x64.Build.0 = Debug|Any CPU
		{46AEA9FA-59F8-4D05-A708-6971B0DEF3C3}.Debug|x64.Deploy.0 = Debug|Any CPU
		{46AEA9FA-59F8-4D05-A708-6971B0DEF3C3}.Debug|x86.ActiveCfg = Debug|Any CPU
		{46AEA9FA-59F8-4D05-A708-6971B0DEF3C3}.Debug|x86.Build.0 = Debug|Any CPU
		{46AEA9FA-59F8-4D05-A708-6971B0DEF3C3}.Debug|x86.Deploy.0 = Debug|Any CPU
		{46AEA9FA-59F8-4D05-A708-6971B0DEF3C3}.Release|Any CPU.ActiveCfg = Release|Any CPU
		{46AEA9FA-59F8-4D05-A708-6971B0DEF3C3}.Release|Any CPU.Build.0 = Release|Any CPU
		{46AEA9FA-59F8-4D05-A708-6971B0DEF3C3}.Release|Any CPU.Deploy.0 = Release|Any CPU
		{46AEA9FA-59F8-4D05-A708-6971B0DEF3C3}.Release|ARM.ActiveCfg = Release|Any CPU
		{46AEA9FA-59F8-4D05-A708-6971B0DEF3C3}.Release|ARM.Build.0 = Release|Any CPU
		{46AEA9FA-59F8-4D05-A708-6971B0DEF3C3}.Release|ARM.Deploy.0 = Release|Any CPU
		{46AEA9FA-59F8-4D05-A708-6971B0DEF3C3}.Release|iPhone.ActiveCfg = Release|Any CPU
		{46AEA9FA-59F8-4D05-A708-6971B0DEF3C3}.Release|iPhone.Build.0 = Release|Any CPU
		{46AEA9FA-59F8-4D05-A708-6971B0DEF3C3}.Release|iPhone.Deploy.0 = Release|Any CPU
		{46AEA9FA-59F8-4D05-A708-6971B0DEF3C3}.Release|iPhoneSimulator.ActiveCfg = Release|Any CPU
		{46AEA9FA-59F8-4D05-A708-6971B0DEF3C3}.Release|iPhoneSimulator.Build.0 = Release|Any CPU
		{46AEA9FA-59F8-4D05-A708-6971B0DEF3C3}.Release|iPhoneSimulator.Deploy.0 = Release|Any CPU
		{46AEA9FA-59F8-4D05-A708-6971B0DEF3C3}.Release|x64.ActiveCfg = Release|Any CPU
		{46AEA9FA-59F8-4D05-A708-6971B0DEF3C3}.Release|x64.Build.0 = Release|Any CPU
		{46AEA9FA-59F8-4D05-A708-6971B0DEF3C3}.Release|x64.Deploy.0 = Release|Any CPU
		{46AEA9FA-59F8-4D05-A708-6971B0DEF3C3}.Release|x86.ActiveCfg = Release|Any CPU
		{46AEA9FA-59F8-4D05-A708-6971B0DEF3C3}.Release|x86.Build.0 = Release|Any CPU
		{46AEA9FA-59F8-4D05-A708-6971B0DEF3C3}.Release|x86.Deploy.0 = Release|Any CPU
		{A4E9ADFA-34B7-4720-827A-355C0EDBBF7E}.Ad-Hoc|Any CPU.ActiveCfg = Ad-Hoc|iPhone
		{A4E9ADFA-34B7-4720-827A-355C0EDBBF7E}.Ad-Hoc|Any CPU.Build.0 = Ad-Hoc|iPhone
		{A4E9ADFA-34B7-4720-827A-355C0EDBBF7E}.Ad-Hoc|Any CPU.Deploy.0 = Ad-Hoc|iPhone
		{A4E9ADFA-34B7-4720-827A-355C0EDBBF7E}.Ad-Hoc|ARM.ActiveCfg = Ad-Hoc|iPhone
		{A4E9ADFA-34B7-4720-827A-355C0EDBBF7E}.Ad-Hoc|ARM.Build.0 = Ad-Hoc|iPhone
		{A4E9ADFA-34B7-4720-827A-355C0EDBBF7E}.Ad-Hoc|ARM.Deploy.0 = Ad-Hoc|iPhone
		{A4E9ADFA-34B7-4720-827A-355C0EDBBF7E}.Ad-Hoc|iPhone.ActiveCfg = Ad-Hoc|iPhone
		{A4E9ADFA-34B7-4720-827A-355C0EDBBF7E}.Ad-Hoc|iPhone.Build.0 = Ad-Hoc|iPhone
		{A4E9ADFA-34B7-4720-827A-355C0EDBBF7E}.Ad-Hoc|iPhone.Deploy.0 = Ad-Hoc|iPhone
		{A4E9ADFA-34B7-4720-827A-355C0EDBBF7E}.Ad-Hoc|iPhoneSimulator.ActiveCfg = Ad-Hoc|iPhoneSimulator
		{A4E9ADFA-34B7-4720-827A-355C0EDBBF7E}.Ad-Hoc|iPhoneSimulator.Build.0 = Ad-Hoc|iPhoneSimulator
		{A4E9ADFA-34B7-4720-827A-355C0EDBBF7E}.Ad-Hoc|iPhoneSimulator.Deploy.0 = Ad-Hoc|iPhoneSimulator
		{A4E9ADFA-34B7-4720-827A-355C0EDBBF7E}.Ad-Hoc|x64.ActiveCfg = Ad-Hoc|iPhone
		{A4E9ADFA-34B7-4720-827A-355C0EDBBF7E}.Ad-Hoc|x64.Build.0 = Ad-Hoc|iPhone
		{A4E9ADFA-34B7-4720-827A-355C0EDBBF7E}.Ad-Hoc|x64.Deploy.0 = Ad-Hoc|iPhone
		{A4E9ADFA-34B7-4720-827A-355C0EDBBF7E}.Ad-Hoc|x86.ActiveCfg = Ad-Hoc|iPhone
		{A4E9ADFA-34B7-4720-827A-355C0EDBBF7E}.Ad-Hoc|x86.Build.0 = Ad-Hoc|iPhone
		{A4E9ADFA-34B7-4720-827A-355C0EDBBF7E}.Ad-Hoc|x86.Deploy.0 = Ad-Hoc|iPhone
		{A4E9ADFA-34B7-4720-827A-355C0EDBBF7E}.AppStore|Any CPU.ActiveCfg = AppStore|iPhone
		{A4E9ADFA-34B7-4720-827A-355C0EDBBF7E}.AppStore|Any CPU.Build.0 = AppStore|iPhone
		{A4E9ADFA-34B7-4720-827A-355C0EDBBF7E}.AppStore|Any CPU.Deploy.0 = AppStore|iPhone
		{A4E9ADFA-34B7-4720-827A-355C0EDBBF7E}.AppStore|ARM.ActiveCfg = AppStore|iPhone
		{A4E9ADFA-34B7-4720-827A-355C0EDBBF7E}.AppStore|ARM.Build.0 = AppStore|iPhone
		{A4E9ADFA-34B7-4720-827A-355C0EDBBF7E}.AppStore|ARM.Deploy.0 = AppStore|iPhone
		{A4E9ADFA-34B7-4720-827A-355C0EDBBF7E}.AppStore|iPhone.ActiveCfg = AppStore|iPhone
		{A4E9ADFA-34B7-4720-827A-355C0EDBBF7E}.AppStore|iPhone.Build.0 = AppStore|iPhone
		{A4E9ADFA-34B7-4720-827A-355C0EDBBF7E}.AppStore|iPhone.Deploy.0 = AppStore|iPhone
		{A4E9ADFA-34B7-4720-827A-355C0EDBBF7E}.AppStore|iPhoneSimulator.ActiveCfg = AppStore|iPhoneSimulator
		{A4E9ADFA-34B7-4720-827A-355C0EDBBF7E}.AppStore|iPhoneSimulator.Build.0 = AppStore|iPhoneSimulator
		{A4E9ADFA-34B7-4720-827A-355C0EDBBF7E}.AppStore|iPhoneSimulator.Deploy.0 = AppStore|iPhoneSimulator
		{A4E9ADFA-34B7-4720-827A-355C0EDBBF7E}.AppStore|x64.ActiveCfg = AppStore|iPhone
		{A4E9ADFA-34B7-4720-827A-355C0EDBBF7E}.AppStore|x64.Build.0 = AppStore|iPhone
		{A4E9ADFA-34B7-4720-827A-355C0EDBBF7E}.AppStore|x64.Deploy.0 = AppStore|iPhone
		{A4E9ADFA-34B7-4720-827A-355C0EDBBF7E}.AppStore|x86.ActiveCfg = AppStore|iPhone
		{A4E9ADFA-34B7-4720-827A-355C0EDBBF7E}.AppStore|x86.Build.0 = AppStore|iPhone
		{A4E9ADFA-34B7-4720-827A-355C0EDBBF7E}.AppStore|x86.Deploy.0 = AppStore|iPhone
		{A4E9ADFA-34B7-4720-827A-355C0EDBBF7E}.Debug|Any CPU.ActiveCfg = Debug|iPhoneSimulator
		{A4E9ADFA-34B7-4720-827A-355C0EDBBF7E}.Debug|Any CPU.Build.0 = Debug|iPhoneSimulator
		{A4E9ADFA-34B7-4720-827A-355C0EDBBF7E}.Debug|Any CPU.Deploy.0 = Debug|iPhoneSimulator
		{A4E9ADFA-34B7-4720-827A-355C0EDBBF7E}.Debug|ARM.ActiveCfg = Debug|iPhone
		{A4E9ADFA-34B7-4720-827A-355C0EDBBF7E}.Debug|ARM.Build.0 = Debug|iPhone
		{A4E9ADFA-34B7-4720-827A-355C0EDBBF7E}.Debug|ARM.Deploy.0 = Debug|iPhone
		{A4E9ADFA-34B7-4720-827A-355C0EDBBF7E}.Debug|iPhone.ActiveCfg = Debug|iPhone
		{A4E9ADFA-34B7-4720-827A-355C0EDBBF7E}.Debug|iPhone.Build.0 = Debug|iPhone
		{A4E9ADFA-34B7-4720-827A-355C0EDBBF7E}.Debug|iPhone.Deploy.0 = Debug|iPhone
		{A4E9ADFA-34B7-4720-827A-355C0EDBBF7E}.Debug|iPhoneSimulator.ActiveCfg = Debug|iPhoneSimulator
		{A4E9ADFA-34B7-4720-827A-355C0EDBBF7E}.Debug|iPhoneSimulator.Build.0 = Debug|iPhoneSimulator
		{A4E9ADFA-34B7-4720-827A-355C0EDBBF7E}.Debug|iPhoneSimulator.Deploy.0 = Debug|iPhoneSimulator
		{A4E9ADFA-34B7-4720-827A-355C0EDBBF7E}.Debug|x64.ActiveCfg = Debug|iPhone
		{A4E9ADFA-34B7-4720-827A-355C0EDBBF7E}.Debug|x64.Build.0 = Debug|iPhone
		{A4E9ADFA-34B7-4720-827A-355C0EDBBF7E}.Debug|x64.Deploy.0 = Debug|iPhone
		{A4E9ADFA-34B7-4720-827A-355C0EDBBF7E}.Debug|x86.ActiveCfg = Debug|iPhone
		{A4E9ADFA-34B7-4720-827A-355C0EDBBF7E}.Debug|x86.Build.0 = Debug|iPhone
		{A4E9ADFA-34B7-4720-827A-355C0EDBBF7E}.Debug|x86.Deploy.0 = Debug|iPhone
		{A4E9ADFA-34B7-4720-827A-355C0EDBBF7E}.Release|Any CPU.ActiveCfg = Release|iPhone
		{A4E9ADFA-34B7-4720-827A-355C0EDBBF7E}.Release|Any CPU.Build.0 = Release|iPhone
		{A4E9ADFA-34B7-4720-827A-355C0EDBBF7E}.Release|Any CPU.Deploy.0 = Release|iPhone
		{A4E9ADFA-34B7-4720-827A-355C0EDBBF7E}.Release|ARM.ActiveCfg = Release|iPhone
		{A4E9ADFA-34B7-4720-827A-355C0EDBBF7E}.Release|ARM.Build.0 = Release|iPhone
		{A4E9ADFA-34B7-4720-827A-355C0EDBBF7E}.Release|ARM.Deploy.0 = Release|iPhone
		{A4E9ADFA-34B7-4720-827A-355C0EDBBF7E}.Release|iPhone.ActiveCfg = Release|iPhone
		{A4E9ADFA-34B7-4720-827A-355C0EDBBF7E}.Release|iPhone.Build.0 = Release|iPhone
		{A4E9ADFA-34B7-4720-827A-355C0EDBBF7E}.Release|iPhone.Deploy.0 = Release|iPhone
		{A4E9ADFA-34B7-4720-827A-355C0EDBBF7E}.Release|iPhoneSimulator.ActiveCfg = Release|iPhoneSimulator
		{A4E9ADFA-34B7-4720-827A-355C0EDBBF7E}.Release|iPhoneSimulator.Build.0 = Release|iPhoneSimulator
		{A4E9ADFA-34B7-4720-827A-355C0EDBBF7E}.Release|iPhoneSimulator.Deploy.0 = Release|iPhoneSimulator
		{A4E9ADFA-34B7-4720-827A-355C0EDBBF7E}.Release|x64.ActiveCfg = Release|iPhone
		{A4E9ADFA-34B7-4720-827A-355C0EDBBF7E}.Release|x64.Build.0 = Release|iPhone
		{A4E9ADFA-34B7-4720-827A-355C0EDBBF7E}.Release|x64.Deploy.0 = Release|iPhone
		{A4E9ADFA-34B7-4720-827A-355C0EDBBF7E}.Release|x86.ActiveCfg = Release|iPhone
		{A4E9ADFA-34B7-4720-827A-355C0EDBBF7E}.Release|x86.Build.0 = Release|iPhone
		{A4E9ADFA-34B7-4720-827A-355C0EDBBF7E}.Release|x86.Deploy.0 = Release|iPhone
		{50B244D5-A669-4DD6-A52A-5BF090BA7333}.Ad-Hoc|Any CPU.ActiveCfg = Release|x86
		{50B244D5-A669-4DD6-A52A-5BF090BA7333}.Ad-Hoc|Any CPU.Build.0 = Release|x86
		{50B244D5-A669-4DD6-A52A-5BF090BA7333}.Ad-Hoc|Any CPU.Deploy.0 = Release|x86
		{50B244D5-A669-4DD6-A52A-5BF090BA7333}.Ad-Hoc|ARM.ActiveCfg = Release|ARM
		{50B244D5-A669-4DD6-A52A-5BF090BA7333}.Ad-Hoc|ARM.Build.0 = Release|ARM
		{50B244D5-A669-4DD6-A52A-5BF090BA7333}.Ad-Hoc|ARM.Deploy.0 = Release|ARM
		{50B244D5-A669-4DD6-A52A-5BF090BA7333}.Ad-Hoc|iPhone.ActiveCfg = Release|x86
		{50B244D5-A669-4DD6-A52A-5BF090BA7333}.Ad-Hoc|iPhone.Build.0 = Release|x86
		{50B244D5-A669-4DD6-A52A-5BF090BA7333}.Ad-Hoc|iPhone.Deploy.0 = Release|x86
		{50B244D5-A669-4DD6-A52A-5BF090BA7333}.Ad-Hoc|iPhoneSimulator.ActiveCfg = Release|x86
		{50B244D5-A669-4DD6-A52A-5BF090BA7333}.Ad-Hoc|iPhoneSimulator.Build.0 = Release|x86
		{50B244D5-A669-4DD6-A52A-5BF090BA7333}.Ad-Hoc|iPhoneSimulator.Deploy.0 = Release|x86
		{50B244D5-A669-4DD6-A52A-5BF090BA7333}.Ad-Hoc|x64.ActiveCfg = Release|x64
		{50B244D5-A669-4DD6-A52A-5BF090BA7333}.Ad-Hoc|x64.Build.0 = Release|x64
		{50B244D5-A669-4DD6-A52A-5BF090BA7333}.Ad-Hoc|x64.Deploy.0 = Release|x64
		{50B244D5-A669-4DD6-A52A-5BF090BA7333}.Ad-Hoc|x86.ActiveCfg = Release|x86
		{50B244D5-A669-4DD6-A52A-5BF090BA7333}.Ad-Hoc|x86.Build.0 = Release|x86
		{50B244D5-A669-4DD6-A52A-5BF090BA7333}.Ad-Hoc|x86.Deploy.0 = Release|x86
		{50B244D5-A669-4DD6-A52A-5BF090BA7333}.AppStore|Any CPU.ActiveCfg = Release|x86
		{50B244D5-A669-4DD6-A52A-5BF090BA7333}.AppStore|Any CPU.Build.0 = Release|x86
		{50B244D5-A669-4DD6-A52A-5BF090BA7333}.AppStore|Any CPU.Deploy.0 = Release|x86
		{50B244D5-A669-4DD6-A52A-5BF090BA7333}.AppStore|ARM.ActiveCfg = Release|ARM
		{50B244D5-A669-4DD6-A52A-5BF090BA7333}.AppStore|ARM.Build.0 = Release|ARM
		{50B244D5-A669-4DD6-A52A-5BF090BA7333}.AppStore|ARM.Deploy.0 = Release|ARM
		{50B244D5-A669-4DD6-A52A-5BF090BA7333}.AppStore|iPhone.ActiveCfg = Release|x86
		{50B244D5-A669-4DD6-A52A-5BF090BA7333}.AppStore|iPhone.Build.0 = Release|x86
		{50B244D5-A669-4DD6-A52A-5BF090BA7333}.AppStore|iPhone.Deploy.0 = Release|x86
		{50B244D5-A669-4DD6-A52A-5BF090BA7333}.AppStore|iPhoneSimulator.ActiveCfg = Release|x86
		{50B244D5-A669-4DD6-A52A-5BF090BA7333}.AppStore|iPhoneSimulator.Build.0 = Release|x86
		{50B244D5-A669-4DD6-A52A-5BF090BA7333}.AppStore|iPhoneSimulator.Deploy.0 = Release|x86
		{50B244D5-A669-4DD6-A52A-5BF090BA7333}.AppStore|x64.ActiveCfg = Release|x64
		{50B244D5-A669-4DD6-A52A-5BF090BA7333}.AppStore|x64.Build.0 = Release|x64
		{50B244D5-A669-4DD6-A52A-5BF090BA7333}.AppStore|x64.Deploy.0 = Release|x64
		{50B244D5-A669-4DD6-A52A-5BF090BA7333}.AppStore|x86.ActiveCfg = Release|x86
		{50B244D5-A669-4DD6-A52A-5BF090BA7333}.AppStore|x86.Build.0 = Release|x86
		{50B244D5-A669-4DD6-A52A-5BF090BA7333}.AppStore|x86.Deploy.0 = Release|x86
		{50B244D5-A669-4DD6-A52A-5BF090BA7333}.Debug|Any CPU.ActiveCfg = Debug|x86
		{50B244D5-A669-4DD6-A52A-5BF090BA7333}.Debug|Any CPU.Build.0 = Debug|x86
		{50B244D5-A669-4DD6-A52A-5BF090BA7333}.Debug|Any CPU.Deploy.0 = Debug|x86
		{50B244D5-A669-4DD6-A52A-5BF090BA7333}.Debug|ARM.ActiveCfg = Debug|ARM
		{50B244D5-A669-4DD6-A52A-5BF090BA7333}.Debug|ARM.Build.0 = Debug|ARM
		{50B244D5-A669-4DD6-A52A-5BF090BA7333}.Debug|ARM.Deploy.0 = Debug|ARM
		{50B244D5-A669-4DD6-A52A-5BF090BA7333}.Debug|iPhone.ActiveCfg = Debug|x86
		{50B244D5-A669-4DD6-A52A-5BF090BA7333}.Debug|iPhone.Build.0 = Debug|x86
		{50B244D5-A669-4DD6-A52A-5BF090BA7333}.Debug|iPhone.Deploy.0 = Debug|x86
		{50B244D5-A669-4DD6-A52A-5BF090BA7333}.Debug|iPhoneSimulator.ActiveCfg = Debug|x86
		{50B244D5-A669-4DD6-A52A-5BF090BA7333}.Debug|iPhoneSimulator.Build.0 = Debug|x86
		{50B244D5-A669-4DD6-A52A-5BF090BA7333}.Debug|iPhoneSimulator.Deploy.0 = Debug|x86
		{50B244D5-A669-4DD6-A52A-5BF090BA7333}.Debug|x64.ActiveCfg = Debug|x64
		{50B244D5-A669-4DD6-A52A-5BF090BA7333}.Debug|x64.Build.0 = Debug|x64
		{50B244D5-A669-4DD6-A52A-5BF090BA7333}.Debug|x64.Deploy.0 = Debug|x64
		{50B244D5-A669-4DD6-A52A-5BF090BA7333}.Debug|x86.ActiveCfg = Debug|x86
		{50B244D5-A669-4DD6-A52A-5BF090BA7333}.Debug|x86.Build.0 = Debug|x86
		{50B244D5-A669-4DD6-A52A-5BF090BA7333}.Debug|x86.Deploy.0 = Debug|x86
		{50B244D5-A669-4DD6-A52A-5BF090BA7333}.Release|Any CPU.ActiveCfg = Release|x86
		{50B244D5-A669-4DD6-A52A-5BF090BA7333}.Release|Any CPU.Build.0 = Release|x86
		{50B244D5-A669-4DD6-A52A-5BF090BA7333}.Release|Any CPU.Deploy.0 = Release|x86
		{50B244D5-A669-4DD6-A52A-5BF090BA7333}.Release|ARM.ActiveCfg = Release|ARM
		{50B244D5-A669-4DD6-A52A-5BF090BA7333}.Release|ARM.Build.0 = Release|ARM
		{50B244D5-A669-4DD6-A52A-5BF090BA7333}.Release|ARM.Deploy.0 = Release|ARM
		{50B244D5-A669-4DD6-A52A-5BF090BA7333}.Release|iPhone.ActiveCfg = Release|x86
		{50B244D5-A669-4DD6-A52A-5BF090BA7333}.Release|iPhone.Build.0 = Release|x86
		{50B244D5-A669-4DD6-A52A-5BF090BA7333}.Release|iPhone.Deploy.0 = Release|x86
		{50B244D5-A669-4DD6-A52A-5BF090BA7333}.Release|iPhoneSimulator.ActiveCfg = Release|x86
		{50B244D5-A669-4DD6-A52A-5BF090BA7333}.Release|iPhoneSimulator.Build.0 = Release|x86
		{50B244D5-A669-4DD6-A52A-5BF090BA7333}.Release|iPhoneSimulator.Deploy.0 = Release|x86
		{50B244D5-A669-4DD6-A52A-5BF090BA7333}.Release|x64.ActiveCfg = Release|x64
		{50B244D5-A669-4DD6-A52A-5BF090BA7333}.Release|x64.Build.0 = Release|x64
		{50B244D5-A669-4DD6-A52A-5BF090BA7333}.Release|x64.Deploy.0 = Release|x64
		{50B244D5-A669-4DD6-A52A-5BF090BA7333}.Release|x86.ActiveCfg = Release|x86
		{50B244D5-A669-4DD6-A52A-5BF090BA7333}.Release|x86.Build.0 = Release|x86
		{50B244D5-A669-4DD6-A52A-5BF090BA7333}.Release|x86.Deploy.0 = Release|x86
		{D46869A5-E517-48F0-A59D-DA88B37CBFD9}.Ad-Hoc|Any CPU.ActiveCfg = Debug|Any CPU
		{D46869A5-E517-48F0-A59D-DA88B37CBFD9}.Ad-Hoc|Any CPU.Build.0 = Debug|Any CPU
		{D46869A5-E517-48F0-A59D-DA88B37CBFD9}.Ad-Hoc|Any CPU.Deploy.0 = Debug|Any CPU
		{D46869A5-E517-48F0-A59D-DA88B37CBFD9}.Ad-Hoc|ARM.ActiveCfg = Debug|Any CPU
		{D46869A5-E517-48F0-A59D-DA88B37CBFD9}.Ad-Hoc|ARM.Build.0 = Debug|Any CPU
		{D46869A5-E517-48F0-A59D-DA88B37CBFD9}.Ad-Hoc|ARM.Deploy.0 = Debug|Any CPU
		{D46869A5-E517-48F0-A59D-DA88B37CBFD9}.Ad-Hoc|iPhone.ActiveCfg = Debug|Any CPU
		{D46869A5-E517-48F0-A59D-DA88B37CBFD9}.Ad-Hoc|iPhone.Build.0 = Debug|Any CPU
		{D46869A5-E517-48F0-A59D-DA88B37CBFD9}.Ad-Hoc|iPhone.Deploy.0 = Debug|Any CPU
		{D46869A5-E517-48F0-A59D-DA88B37CBFD9}.Ad-Hoc|iPhoneSimulator.ActiveCfg = Debug|Any CPU
		{D46869A5-E517-48F0-A59D-DA88B37CBFD9}.Ad-Hoc|iPhoneSimulator.Build.0 = Debug|Any CPU
		{D46869A5-E517-48F0-A59D-DA88B37CBFD9}.Ad-Hoc|iPhoneSimulator.Deploy.0 = Debug|Any CPU
		{D46869A5-E517-48F0-A59D-DA88B37CBFD9}.Ad-Hoc|x64.ActiveCfg = Debug|Any CPU
		{D46869A5-E517-48F0-A59D-DA88B37CBFD9}.Ad-Hoc|x64.Build.0 = Debug|Any CPU
		{D46869A5-E517-48F0-A59D-DA88B37CBFD9}.Ad-Hoc|x64.Deploy.0 = Debug|Any CPU
		{D46869A5-E517-48F0-A59D-DA88B37CBFD9}.Ad-Hoc|x86.ActiveCfg = Debug|Any CPU
		{D46869A5-E517-48F0-A59D-DA88B37CBFD9}.Ad-Hoc|x86.Build.0 = Debug|Any CPU
		{D46869A5-E517-48F0-A59D-DA88B37CBFD9}.Ad-Hoc|x86.Deploy.0 = Debug|Any CPU
		{D46869A5-E517-48F0-A59D-DA88B37CBFD9}.AppStore|Any CPU.ActiveCfg = Debug|Any CPU
		{D46869A5-E517-48F0-A59D-DA88B37CBFD9}.AppStore|Any CPU.Build.0 = Debug|Any CPU
		{D46869A5-E517-48F0-A59D-DA88B37CBFD9}.AppStore|Any CPU.Deploy.0 = Debug|Any CPU
		{D46869A5-E517-48F0-A59D-DA88B37CBFD9}.AppStore|ARM.ActiveCfg = Debug|Any CPU
		{D46869A5-E517-48F0-A59D-DA88B37CBFD9}.AppStore|ARM.Build.0 = Debug|Any CPU
		{D46869A5-E517-48F0-A59D-DA88B37CBFD9}.AppStore|ARM.Deploy.0 = Debug|Any CPU
		{D46869A5-E517-48F0-A59D-DA88B37CBFD9}.AppStore|iPhone.ActiveCfg = Debug|Any CPU
		{D46869A5-E517-48F0-A59D-DA88B37CBFD9}.AppStore|iPhone.Build.0 = Debug|Any CPU
		{D46869A5-E517-48F0-A59D-DA88B37CBFD9}.AppStore|iPhone.Deploy.0 = Debug|Any CPU
		{D46869A5-E517-48F0-A59D-DA88B37CBFD9}.AppStore|iPhoneSimulator.ActiveCfg = Debug|Any CPU
		{D46869A5-E517-48F0-A59D-DA88B37CBFD9}.AppStore|iPhoneSimulator.Build.0 = Debug|Any CPU
		{D46869A5-E517-48F0-A59D-DA88B37CBFD9}.AppStore|iPhoneSimulator.Deploy.0 = Debug|Any CPU
		{D46869A5-E517-48F0-A59D-DA88B37CBFD9}.AppStore|x64.ActiveCfg = Debug|Any CPU
		{D46869A5-E517-48F0-A59D-DA88B37CBFD9}.AppStore|x64.Build.0 = Debug|Any CPU
		{D46869A5-E517-48F0-A59D-DA88B37CBFD9}.AppStore|x64.Deploy.0 = Debug|Any CPU
		{D46869A5-E517-48F0-A59D-DA88B37CBFD9}.AppStore|x86.ActiveCfg = Debug|Any CPU
		{D46869A5-E517-48F0-A59D-DA88B37CBFD9}.AppStore|x86.Build.0 = Debug|Any CPU
		{D46869A5-E517-48F0-A59D-DA88B37CBFD9}.AppStore|x86.Deploy.0 = Debug|Any CPU
		{D46869A5-E517-48F0-A59D-DA88B37CBFD9}.Debug|Any CPU.ActiveCfg = Debug|Any CPU
		{D46869A5-E517-48F0-A59D-DA88B37CBFD9}.Debug|Any CPU.Build.0 = Debug|Any CPU
		{D46869A5-E517-48F0-A59D-DA88B37CBFD9}.Debug|Any CPU.Deploy.0 = Debug|Any CPU
		{D46869A5-E517-48F0-A59D-DA88B37CBFD9}.Debug|ARM.ActiveCfg = Debug|Any CPU
		{D46869A5-E517-48F0-A59D-DA88B37CBFD9}.Debug|ARM.Build.0 = Debug|Any CPU
		{D46869A5-E517-48F0-A59D-DA88B37CBFD9}.Debug|ARM.Deploy.0 = Debug|Any CPU
		{D46869A5-E517-48F0-A59D-DA88B37CBFD9}.Debug|iPhone.ActiveCfg = Debug|Any CPU
		{D46869A5-E517-48F0-A59D-DA88B37CBFD9}.Debug|iPhone.Build.0 = Debug|Any CPU
		{D46869A5-E517-48F0-A59D-DA88B37CBFD9}.Debug|iPhone.Deploy.0 = Debug|Any CPU
		{D46869A5-E517-48F0-A59D-DA88B37CBFD9}.Debug|iPhoneSimulator.ActiveCfg = Debug|Any CPU
		{D46869A5-E517-48F0-A59D-DA88B37CBFD9}.Debug|iPhoneSimulator.Build.0 = Debug|Any CPU
		{D46869A5-E517-48F0-A59D-DA88B37CBFD9}.Debug|iPhoneSimulator.Deploy.0 = Debug|Any CPU
		{D46869A5-E517-48F0-A59D-DA88B37CBFD9}.Debug|x64.ActiveCfg = Debug|Any CPU
		{D46869A5-E517-48F0-A59D-DA88B37CBFD9}.Debug|x64.Build.0 = Debug|Any CPU
		{D46869A5-E517-48F0-A59D-DA88B37CBFD9}.Debug|x64.Deploy.0 = Debug|Any CPU
		{D46869A5-E517-48F0-A59D-DA88B37CBFD9}.Debug|x86.ActiveCfg = Debug|Any CPU
		{D46869A5-E517-48F0-A59D-DA88B37CBFD9}.Debug|x86.Build.0 = Debug|Any CPU
		{D46869A5-E517-48F0-A59D-DA88B37CBFD9}.Debug|x86.Deploy.0 = Debug|Any CPU
		{D46869A5-E517-48F0-A59D-DA88B37CBFD9}.Release|Any CPU.ActiveCfg = Release|Any CPU
		{D46869A5-E517-48F0-A59D-DA88B37CBFD9}.Release|Any CPU.Build.0 = Release|Any CPU
		{D46869A5-E517-48F0-A59D-DA88B37CBFD9}.Release|Any CPU.Deploy.0 = Release|Any CPU
		{D46869A5-E517-48F0-A59D-DA88B37CBFD9}.Release|ARM.ActiveCfg = Release|Any CPU
		{D46869A5-E517-48F0-A59D-DA88B37CBFD9}.Release|ARM.Build.0 = Release|Any CPU
		{D46869A5-E517-48F0-A59D-DA88B37CBFD9}.Release|ARM.Deploy.0 = Release|Any CPU
		{D46869A5-E517-48F0-A59D-DA88B37CBFD9}.Release|iPhone.ActiveCfg = Release|Any CPU
		{D46869A5-E517-48F0-A59D-DA88B37CBFD9}.Release|iPhone.Build.0 = Release|Any CPU
		{D46869A5-E517-48F0-A59D-DA88B37CBFD9}.Release|iPhone.Deploy.0 = Release|Any CPU
		{D46869A5-E517-48F0-A59D-DA88B37CBFD9}.Release|iPhoneSimulator.ActiveCfg = Release|Any CPU
		{D46869A5-E517-48F0-A59D-DA88B37CBFD9}.Release|iPhoneSimulator.Build.0 = Release|Any CPU
		{D46869A5-E517-48F0-A59D-DA88B37CBFD9}.Release|iPhoneSimulator.Deploy.0 = Release|Any CPU
		{D46869A5-E517-48F0-A59D-DA88B37CBFD9}.Release|x64.ActiveCfg = Release|Any CPU
		{D46869A5-E517-48F0-A59D-DA88B37CBFD9}.Release|x64.Build.0 = Release|Any CPU
		{D46869A5-E517-48F0-A59D-DA88B37CBFD9}.Release|x64.Deploy.0 = Release|Any CPU
		{D46869A5-E517-48F0-A59D-DA88B37CBFD9}.Release|x86.ActiveCfg = Release|Any CPU
		{D46869A5-E517-48F0-A59D-DA88B37CBFD9}.Release|x86.Build.0 = Release|Any CPU
		{D46869A5-E517-48F0-A59D-DA88B37CBFD9}.Release|x86.Deploy.0 = Release|Any CPU
		{F2120268-792D-4A17-8D31-EE14B700386B}.Ad-Hoc|Any CPU.ActiveCfg = Release|Any CPU
		{F2120268-792D-4A17-8D31-EE14B700386B}.Ad-Hoc|Any CPU.Build.0 = Release|Any CPU
		{F2120268-792D-4A17-8D31-EE14B700386B}.Ad-Hoc|ARM.ActiveCfg = Release|Any CPU
		{F2120268-792D-4A17-8D31-EE14B700386B}.Ad-Hoc|ARM.Build.0 = Release|Any CPU
		{F2120268-792D-4A17-8D31-EE14B700386B}.Ad-Hoc|iPhone.ActiveCfg = Release|Any CPU
		{F2120268-792D-4A17-8D31-EE14B700386B}.Ad-Hoc|iPhone.Build.0 = Release|Any CPU
		{F2120268-792D-4A17-8D31-EE14B700386B}.Ad-Hoc|iPhoneSimulator.ActiveCfg = Release|Any CPU
		{F2120268-792D-4A17-8D31-EE14B700386B}.Ad-Hoc|iPhoneSimulator.Build.0 = Release|Any CPU
		{F2120268-792D-4A17-8D31-EE14B700386B}.Ad-Hoc|x64.ActiveCfg = Release|Any CPU
		{F2120268-792D-4A17-8D31-EE14B700386B}.Ad-Hoc|x64.Build.0 = Release|Any CPU
		{F2120268-792D-4A17-8D31-EE14B700386B}.Ad-Hoc|x86.ActiveCfg = Release|Any CPU
		{F2120268-792D-4A17-8D31-EE14B700386B}.Ad-Hoc|x86.Build.0 = Release|Any CPU
		{F2120268-792D-4A17-8D31-EE14B700386B}.AppStore|Any CPU.ActiveCfg = Release|Any CPU
		{F2120268-792D-4A17-8D31-EE14B700386B}.AppStore|Any CPU.Build.0 = Release|Any CPU
		{F2120268-792D-4A17-8D31-EE14B700386B}.AppStore|ARM.ActiveCfg = Release|Any CPU
		{F2120268-792D-4A17-8D31-EE14B700386B}.AppStore|ARM.Build.0 = Release|Any CPU
		{F2120268-792D-4A17-8D31-EE14B700386B}.AppStore|iPhone.ActiveCfg = Release|Any CPU
		{F2120268-792D-4A17-8D31-EE14B700386B}.AppStore|iPhone.Build.0 = Release|Any CPU
		{F2120268-792D-4A17-8D31-EE14B700386B}.AppStore|iPhoneSimulator.ActiveCfg = Release|Any CPU
		{F2120268-792D-4A17-8D31-EE14B700386B}.AppStore|iPhoneSimulator.Build.0 = Release|Any CPU
		{F2120268-792D-4A17-8D31-EE14B700386B}.AppStore|x64.ActiveCfg = Release|Any CPU
		{F2120268-792D-4A17-8D31-EE14B700386B}.AppStore|x64.Build.0 = Release|Any CPU
		{F2120268-792D-4A17-8D31-EE14B700386B}.AppStore|x86.ActiveCfg = Release|Any CPU
		{F2120268-792D-4A17-8D31-EE14B700386B}.AppStore|x86.Build.0 = Release|Any CPU
		{F2120268-792D-4A17-8D31-EE14B700386B}.Debug|Any CPU.ActiveCfg = Debug|Any CPU
		{F2120268-792D-4A17-8D31-EE14B700386B}.Debug|Any CPU.Build.0 = Debug|Any CPU
		{F2120268-792D-4A17-8D31-EE14B700386B}.Debug|ARM.ActiveCfg = Debug|Any CPU
		{F2120268-792D-4A17-8D31-EE14B700386B}.Debug|ARM.Build.0 = Debug|Any CPU
		{F2120268-792D-4A17-8D31-EE14B700386B}.Debug|iPhone.ActiveCfg = Debug|Any CPU
		{F2120268-792D-4A17-8D31-EE14B700386B}.Debug|iPhone.Build.0 = Debug|Any CPU
		{F2120268-792D-4A17-8D31-EE14B700386B}.Debug|iPhoneSimulator.ActiveCfg = Debug|Any CPU
		{F2120268-792D-4A17-8D31-EE14B700386B}.Debug|iPhoneSimulator.Build.0 = Debug|Any CPU
		{F2120268-792D-4A17-8D31-EE14B700386B}.Debug|x64.ActiveCfg = Debug|Any CPU
		{F2120268-792D-4A17-8D31-EE14B700386B}.Debug|x64.Build.0 = Debug|Any CPU
		{F2120268-792D-4A17-8D31-EE14B700386B}.Debug|x86.ActiveCfg = Debug|Any CPU
		{F2120268-792D-4A17-8D31-EE14B700386B}.Debug|x86.Build.0 = Debug|Any CPU
		{F2120268-792D-4A17-8D31-EE14B700386B}.Release|Any CPU.ActiveCfg = Release|Any CPU
		{F2120268-792D-4A17-8D31-EE14B700386B}.Release|Any CPU.Build.0 = Release|Any CPU
		{F2120268-792D-4A17-8D31-EE14B700386B}.Release|ARM.ActiveCfg = Release|Any CPU
		{F2120268-792D-4A17-8D31-EE14B700386B}.Release|ARM.Build.0 = Release|Any CPU
		{F2120268-792D-4A17-8D31-EE14B700386B}.Release|iPhone.ActiveCfg = Release|Any CPU
		{F2120268-792D-4A17-8D31-EE14B700386B}.Release|iPhone.Build.0 = Release|Any CPU
		{F2120268-792D-4A17-8D31-EE14B700386B}.Release|iPhoneSimulator.ActiveCfg = Release|Any CPU
		{F2120268-792D-4A17-8D31-EE14B700386B}.Release|iPhoneSimulator.Build.0 = Release|Any CPU
		{F2120268-792D-4A17-8D31-EE14B700386B}.Release|x64.ActiveCfg = Release|Any CPU
		{F2120268-792D-4A17-8D31-EE14B700386B}.Release|x64.Build.0 = Release|Any CPU
		{F2120268-792D-4A17-8D31-EE14B700386B}.Release|x86.ActiveCfg = Release|Any CPU
		{F2120268-792D-4A17-8D31-EE14B700386B}.Release|x86.Build.0 = Release|Any CPU
		{60F3F7A4-A231-4264-918F-0C7B8D02471E}.Ad-Hoc|Any CPU.ActiveCfg = Release|Any CPU
		{60F3F7A4-A231-4264-918F-0C7B8D02471E}.Ad-Hoc|Any CPU.Build.0 = Release|Any CPU
		{60F3F7A4-A231-4264-918F-0C7B8D02471E}.Ad-Hoc|ARM.ActiveCfg = Release|Any CPU
		{60F3F7A4-A231-4264-918F-0C7B8D02471E}.Ad-Hoc|ARM.Build.0 = Release|Any CPU
		{60F3F7A4-A231-4264-918F-0C7B8D02471E}.Ad-Hoc|iPhone.ActiveCfg = Release|Any CPU
		{60F3F7A4-A231-4264-918F-0C7B8D02471E}.Ad-Hoc|iPhone.Build.0 = Release|Any CPU
		{60F3F7A4-A231-4264-918F-0C7B8D02471E}.Ad-Hoc|iPhoneSimulator.ActiveCfg = Release|Any CPU
		{60F3F7A4-A231-4264-918F-0C7B8D02471E}.Ad-Hoc|iPhoneSimulator.Build.0 = Release|Any CPU
		{60F3F7A4-A231-4264-918F-0C7B8D02471E}.Ad-Hoc|x64.ActiveCfg = Release|Any CPU
		{60F3F7A4-A231-4264-918F-0C7B8D02471E}.Ad-Hoc|x64.Build.0 = Release|Any CPU
		{60F3F7A4-A231-4264-918F-0C7B8D02471E}.Ad-Hoc|x86.ActiveCfg = Release|Any CPU
		{60F3F7A4-A231-4264-918F-0C7B8D02471E}.Ad-Hoc|x86.Build.0 = Release|Any CPU
		{60F3F7A4-A231-4264-918F-0C7B8D02471E}.AppStore|Any CPU.ActiveCfg = Release|Any CPU
		{60F3F7A4-A231-4264-918F-0C7B8D02471E}.AppStore|Any CPU.Build.0 = Release|Any CPU
		{60F3F7A4-A231-4264-918F-0C7B8D02471E}.AppStore|ARM.ActiveCfg = Release|Any CPU
		{60F3F7A4-A231-4264-918F-0C7B8D02471E}.AppStore|ARM.Build.0 = Release|Any CPU
		{60F3F7A4-A231-4264-918F-0C7B8D02471E}.AppStore|iPhone.ActiveCfg = Release|Any CPU
		{60F3F7A4-A231-4264-918F-0C7B8D02471E}.AppStore|iPhone.Build.0 = Release|Any CPU
		{60F3F7A4-A231-4264-918F-0C7B8D02471E}.AppStore|iPhoneSimulator.ActiveCfg = Release|Any CPU
		{60F3F7A4-A231-4264-918F-0C7B8D02471E}.AppStore|iPhoneSimulator.Build.0 = Release|Any CPU
		{60F3F7A4-A231-4264-918F-0C7B8D02471E}.AppStore|x64.ActiveCfg = Release|Any CPU
		{60F3F7A4-A231-4264-918F-0C7B8D02471E}.AppStore|x64.Build.0 = Release|Any CPU
		{60F3F7A4-A231-4264-918F-0C7B8D02471E}.AppStore|x86.ActiveCfg = Release|Any CPU
		{60F3F7A4-A231-4264-918F-0C7B8D02471E}.AppStore|x86.Build.0 = Release|Any CPU
		{60F3F7A4-A231-4264-918F-0C7B8D02471E}.Debug|Any CPU.ActiveCfg = Debug|Any CPU
		{60F3F7A4-A231-4264-918F-0C7B8D02471E}.Debug|Any CPU.Build.0 = Debug|Any CPU
		{60F3F7A4-A231-4264-918F-0C7B8D02471E}.Debug|ARM.ActiveCfg = Debug|Any CPU
		{60F3F7A4-A231-4264-918F-0C7B8D02471E}.Debug|ARM.Build.0 = Debug|Any CPU
		{60F3F7A4-A231-4264-918F-0C7B8D02471E}.Debug|iPhone.ActiveCfg = Debug|Any CPU
		{60F3F7A4-A231-4264-918F-0C7B8D02471E}.Debug|iPhone.Build.0 = Debug|Any CPU
		{60F3F7A4-A231-4264-918F-0C7B8D02471E}.Debug|iPhoneSimulator.ActiveCfg = Debug|Any CPU
		{60F3F7A4-A231-4264-918F-0C7B8D02471E}.Debug|iPhoneSimulator.Build.0 = Debug|Any CPU
		{60F3F7A4-A231-4264-918F-0C7B8D02471E}.Debug|x64.ActiveCfg = Debug|Any CPU
		{60F3F7A4-A231-4264-918F-0C7B8D02471E}.Debug|x64.Build.0 = Debug|Any CPU
		{60F3F7A4-A231-4264-918F-0C7B8D02471E}.Debug|x86.ActiveCfg = Debug|Any CPU
		{60F3F7A4-A231-4264-918F-0C7B8D02471E}.Debug|x86.Build.0 = Debug|Any CPU
		{60F3F7A4-A231-4264-918F-0C7B8D02471E}.Release|Any CPU.ActiveCfg = Release|Any CPU
		{60F3F7A4-A231-4264-918F-0C7B8D02471E}.Release|Any CPU.Build.0 = Release|Any CPU
		{60F3F7A4-A231-4264-918F-0C7B8D02471E}.Release|ARM.ActiveCfg = Release|Any CPU
		{60F3F7A4-A231-4264-918F-0C7B8D02471E}.Release|ARM.Build.0 = Release|Any CPU
		{60F3F7A4-A231-4264-918F-0C7B8D02471E}.Release|iPhone.ActiveCfg = Release|Any CPU
		{60F3F7A4-A231-4264-918F-0C7B8D02471E}.Release|iPhone.Build.0 = Release|Any CPU
		{60F3F7A4-A231-4264-918F-0C7B8D02471E}.Release|iPhoneSimulator.ActiveCfg = Release|Any CPU
		{60F3F7A4-A231-4264-918F-0C7B8D02471E}.Release|iPhoneSimulator.Build.0 = Release|Any CPU
		{60F3F7A4-A231-4264-918F-0C7B8D02471E}.Release|x64.ActiveCfg = Release|Any CPU
		{60F3F7A4-A231-4264-918F-0C7B8D02471E}.Release|x64.Build.0 = Release|Any CPU
		{60F3F7A4-A231-4264-918F-0C7B8D02471E}.Release|x86.ActiveCfg = Release|Any CPU
		{60F3F7A4-A231-4264-918F-0C7B8D02471E}.Release|x86.Build.0 = Release|Any CPU
		{E31B67C8-4BDE-4A40-8B71-87C2F814BDC5}.Ad-Hoc|Any CPU.ActiveCfg = Release|Any CPU
		{E31B67C8-4BDE-4A40-8B71-87C2F814BDC5}.Ad-Hoc|Any CPU.Build.0 = Release|Any CPU
		{E31B67C8-4BDE-4A40-8B71-87C2F814BDC5}.Ad-Hoc|ARM.ActiveCfg = Release|Any CPU
		{E31B67C8-4BDE-4A40-8B71-87C2F814BDC5}.Ad-Hoc|ARM.Build.0 = Release|Any CPU
		{E31B67C8-4BDE-4A40-8B71-87C2F814BDC5}.Ad-Hoc|iPhone.ActiveCfg = Release|Any CPU
		{E31B67C8-4BDE-4A40-8B71-87C2F814BDC5}.Ad-Hoc|iPhone.Build.0 = Release|Any CPU
		{E31B67C8-4BDE-4A40-8B71-87C2F814BDC5}.Ad-Hoc|iPhoneSimulator.ActiveCfg = Release|Any CPU
		{E31B67C8-4BDE-4A40-8B71-87C2F814BDC5}.Ad-Hoc|iPhoneSimulator.Build.0 = Release|Any CPU
		{E31B67C8-4BDE-4A40-8B71-87C2F814BDC5}.Ad-Hoc|x64.ActiveCfg = Release|Any CPU
		{E31B67C8-4BDE-4A40-8B71-87C2F814BDC5}.Ad-Hoc|x64.Build.0 = Release|Any CPU
		{E31B67C8-4BDE-4A40-8B71-87C2F814BDC5}.Ad-Hoc|x86.ActiveCfg = Release|Any CPU
		{E31B67C8-4BDE-4A40-8B71-87C2F814BDC5}.Ad-Hoc|x86.Build.0 = Release|Any CPU
		{E31B67C8-4BDE-4A40-8B71-87C2F814BDC5}.AppStore|Any CPU.ActiveCfg = Release|Any CPU
		{E31B67C8-4BDE-4A40-8B71-87C2F814BDC5}.AppStore|Any CPU.Build.0 = Release|Any CPU
		{E31B67C8-4BDE-4A40-8B71-87C2F814BDC5}.AppStore|ARM.ActiveCfg = Release|Any CPU
		{E31B67C8-4BDE-4A40-8B71-87C2F814BDC5}.AppStore|ARM.Build.0 = Release|Any CPU
		{E31B67C8-4BDE-4A40-8B71-87C2F814BDC5}.AppStore|iPhone.ActiveCfg = Release|Any CPU
		{E31B67C8-4BDE-4A40-8B71-87C2F814BDC5}.AppStore|iPhone.Build.0 = Release|Any CPU
		{E31B67C8-4BDE-4A40-8B71-87C2F814BDC5}.AppStore|iPhoneSimulator.ActiveCfg = Release|Any CPU
		{E31B67C8-4BDE-4A40-8B71-87C2F814BDC5}.AppStore|iPhoneSimulator.Build.0 = Release|Any CPU
		{E31B67C8-4BDE-4A40-8B71-87C2F814BDC5}.AppStore|x64.ActiveCfg = Release|Any CPU
		{E31B67C8-4BDE-4A40-8B71-87C2F814BDC5}.AppStore|x64.Build.0 = Release|Any CPU
		{E31B67C8-4BDE-4A40-8B71-87C2F814BDC5}.AppStore|x86.ActiveCfg = Release|Any CPU
		{E31B67C8-4BDE-4A40-8B71-87C2F814BDC5}.AppStore|x86.Build.0 = Release|Any CPU
		{E31B67C8-4BDE-4A40-8B71-87C2F814BDC5}.Debug|Any CPU.ActiveCfg = Debug|Any CPU
		{E31B67C8-4BDE-4A40-8B71-87C2F814BDC5}.Debug|Any CPU.Build.0 = Debug|Any CPU
		{E31B67C8-4BDE-4A40-8B71-87C2F814BDC5}.Debug|ARM.ActiveCfg = Debug|Any CPU
		{E31B67C8-4BDE-4A40-8B71-87C2F814BDC5}.Debug|ARM.Build.0 = Debug|Any CPU
		{E31B67C8-4BDE-4A40-8B71-87C2F814BDC5}.Debug|iPhone.ActiveCfg = Debug|Any CPU
		{E31B67C8-4BDE-4A40-8B71-87C2F814BDC5}.Debug|iPhone.Build.0 = Debug|Any CPU
		{E31B67C8-4BDE-4A40-8B71-87C2F814BDC5}.Debug|iPhoneSimulator.ActiveCfg = Debug|Any CPU
		{E31B67C8-4BDE-4A40-8B71-87C2F814BDC5}.Debug|iPhoneSimulator.Build.0 = Debug|Any CPU
		{E31B67C8-4BDE-4A40-8B71-87C2F814BDC5}.Debug|x64.ActiveCfg = Debug|Any CPU
		{E31B67C8-4BDE-4A40-8B71-87C2F814BDC5}.Debug|x64.Build.0 = Debug|Any CPU
		{E31B67C8-4BDE-4A40-8B71-87C2F814BDC5}.Debug|x86.ActiveCfg = Debug|Any CPU
		{E31B67C8-4BDE-4A40-8B71-87C2F814BDC5}.Debug|x86.Build.0 = Debug|Any CPU
		{E31B67C8-4BDE-4A40-8B71-87C2F814BDC5}.Release|Any CPU.ActiveCfg = Release|Any CPU
		{E31B67C8-4BDE-4A40-8B71-87C2F814BDC5}.Release|Any CPU.Build.0 = Release|Any CPU
		{E31B67C8-4BDE-4A40-8B71-87C2F814BDC5}.Release|ARM.ActiveCfg = Release|Any CPU
		{E31B67C8-4BDE-4A40-8B71-87C2F814BDC5}.Release|ARM.Build.0 = Release|Any CPU
		{E31B67C8-4BDE-4A40-8B71-87C2F814BDC5}.Release|iPhone.ActiveCfg = Release|Any CPU
		{E31B67C8-4BDE-4A40-8B71-87C2F814BDC5}.Release|iPhone.Build.0 = Release|Any CPU
		{E31B67C8-4BDE-4A40-8B71-87C2F814BDC5}.Release|iPhoneSimulator.ActiveCfg = Release|Any CPU
		{E31B67C8-4BDE-4A40-8B71-87C2F814BDC5}.Release|iPhoneSimulator.Build.0 = Release|Any CPU
		{E31B67C8-4BDE-4A40-8B71-87C2F814BDC5}.Release|x64.ActiveCfg = Release|Any CPU
		{E31B67C8-4BDE-4A40-8B71-87C2F814BDC5}.Release|x64.Build.0 = Release|Any CPU
		{E31B67C8-4BDE-4A40-8B71-87C2F814BDC5}.Release|x86.ActiveCfg = Release|Any CPU
		{E31B67C8-4BDE-4A40-8B71-87C2F814BDC5}.Release|x86.Build.0 = Release|Any CPU
		{FCF9076A-9853-424D-A5C3-20E4F1423573}.Ad-Hoc|Any CPU.ActiveCfg = Release|Any CPU
		{FCF9076A-9853-424D-A5C3-20E4F1423573}.Ad-Hoc|Any CPU.Build.0 = Release|Any CPU
		{FCF9076A-9853-424D-A5C3-20E4F1423573}.Ad-Hoc|ARM.ActiveCfg = Release|Any CPU
		{FCF9076A-9853-424D-A5C3-20E4F1423573}.Ad-Hoc|ARM.Build.0 = Release|Any CPU
		{FCF9076A-9853-424D-A5C3-20E4F1423573}.Ad-Hoc|iPhone.ActiveCfg = Release|Any CPU
		{FCF9076A-9853-424D-A5C3-20E4F1423573}.Ad-Hoc|iPhone.Build.0 = Release|Any CPU
		{FCF9076A-9853-424D-A5C3-20E4F1423573}.Ad-Hoc|iPhoneSimulator.ActiveCfg = Release|Any CPU
		{FCF9076A-9853-424D-A5C3-20E4F1423573}.Ad-Hoc|iPhoneSimulator.Build.0 = Release|Any CPU
		{FCF9076A-9853-424D-A5C3-20E4F1423573}.Ad-Hoc|x64.ActiveCfg = Release|Any CPU
		{FCF9076A-9853-424D-A5C3-20E4F1423573}.Ad-Hoc|x64.Build.0 = Release|Any CPU
		{FCF9076A-9853-424D-A5C3-20E4F1423573}.Ad-Hoc|x86.ActiveCfg = Release|Any CPU
		{FCF9076A-9853-424D-A5C3-20E4F1423573}.Ad-Hoc|x86.Build.0 = Release|Any CPU
		{FCF9076A-9853-424D-A5C3-20E4F1423573}.AppStore|Any CPU.ActiveCfg = Release|Any CPU
		{FCF9076A-9853-424D-A5C3-20E4F1423573}.AppStore|Any CPU.Build.0 = Release|Any CPU
		{FCF9076A-9853-424D-A5C3-20E4F1423573}.AppStore|ARM.ActiveCfg = Release|Any CPU
		{FCF9076A-9853-424D-A5C3-20E4F1423573}.AppStore|ARM.Build.0 = Release|Any CPU
		{FCF9076A-9853-424D-A5C3-20E4F1423573}.AppStore|iPhone.ActiveCfg = Release|Any CPU
		{FCF9076A-9853-424D-A5C3-20E4F1423573}.AppStore|iPhone.Build.0 = Release|Any CPU
		{FCF9076A-9853-424D-A5C3-20E4F1423573}.AppStore|iPhoneSimulator.ActiveCfg = Release|Any CPU
		{FCF9076A-9853-424D-A5C3-20E4F1423573}.AppStore|iPhoneSimulator.Build.0 = Release|Any CPU
		{FCF9076A-9853-424D-A5C3-20E4F1423573}.AppStore|x64.ActiveCfg = Release|Any CPU
		{FCF9076A-9853-424D-A5C3-20E4F1423573}.AppStore|x64.Build.0 = Release|Any CPU
		{FCF9076A-9853-424D-A5C3-20E4F1423573}.AppStore|x86.ActiveCfg = Release|Any CPU
		{FCF9076A-9853-424D-A5C3-20E4F1423573}.AppStore|x86.Build.0 = Release|Any CPU
		{FCF9076A-9853-424D-A5C3-20E4F1423573}.Debug|Any CPU.ActiveCfg = Debug|Any CPU
		{FCF9076A-9853-424D-A5C3-20E4F1423573}.Debug|Any CPU.Build.0 = Debug|Any CPU
		{FCF9076A-9853-424D-A5C3-20E4F1423573}.Debug|ARM.ActiveCfg = Debug|Any CPU
		{FCF9076A-9853-424D-A5C3-20E4F1423573}.Debug|ARM.Build.0 = Debug|Any CPU
		{FCF9076A-9853-424D-A5C3-20E4F1423573}.Debug|iPhone.ActiveCfg = Debug|Any CPU
		{FCF9076A-9853-424D-A5C3-20E4F1423573}.Debug|iPhone.Build.0 = Debug|Any CPU
		{FCF9076A-9853-424D-A5C3-20E4F1423573}.Debug|iPhoneSimulator.ActiveCfg = Debug|Any CPU
		{FCF9076A-9853-424D-A5C3-20E4F1423573}.Debug|iPhoneSimulator.Build.0 = Debug|Any CPU
		{FCF9076A-9853-424D-A5C3-20E4F1423573}.Debug|x64.ActiveCfg = Debug|Any CPU
		{FCF9076A-9853-424D-A5C3-20E4F1423573}.Debug|x64.Build.0 = Debug|Any CPU
		{FCF9076A-9853-424D-A5C3-20E4F1423573}.Debug|x86.ActiveCfg = Debug|Any CPU
		{FCF9076A-9853-424D-A5C3-20E4F1423573}.Debug|x86.Build.0 = Debug|Any CPU
		{FCF9076A-9853-424D-A5C3-20E4F1423573}.Release|Any CPU.ActiveCfg = Release|Any CPU
		{FCF9076A-9853-424D-A5C3-20E4F1423573}.Release|Any CPU.Build.0 = Release|Any CPU
		{FCF9076A-9853-424D-A5C3-20E4F1423573}.Release|ARM.ActiveCfg = Release|Any CPU
		{FCF9076A-9853-424D-A5C3-20E4F1423573}.Release|ARM.Build.0 = Release|Any CPU
		{FCF9076A-9853-424D-A5C3-20E4F1423573}.Release|iPhone.ActiveCfg = Release|Any CPU
		{FCF9076A-9853-424D-A5C3-20E4F1423573}.Release|iPhone.Build.0 = Release|Any CPU
		{FCF9076A-9853-424D-A5C3-20E4F1423573}.Release|iPhoneSimulator.ActiveCfg = Release|Any CPU
		{FCF9076A-9853-424D-A5C3-20E4F1423573}.Release|iPhoneSimulator.Build.0 = Release|Any CPU
		{FCF9076A-9853-424D-A5C3-20E4F1423573}.Release|x64.ActiveCfg = Release|Any CPU
		{FCF9076A-9853-424D-A5C3-20E4F1423573}.Release|x64.Build.0 = Release|Any CPU
		{FCF9076A-9853-424D-A5C3-20E4F1423573}.Release|x86.ActiveCfg = Release|Any CPU
		{FCF9076A-9853-424D-A5C3-20E4F1423573}.Release|x86.Build.0 = Release|Any CPU
	EndGlobalSection
	GlobalSection(SolutionProperties) = preSolution
		HideSolutionNode = FALSE
	EndGlobalSection
	GlobalSection(ExtensibilityGlobals) = postSolution
		SolutionGuid = {867EE2BE-2479-42A0-8963-EEB75F38AEBA}
	EndGlobalSection
EndGlobal
